{
    "name": "kalaris-myriad",
    "version": "1.0.2",
    "lockfileVersion": 3,
    "requires": true,
    "packages": {
        "": {
            "name": "kalaris-myriad",
            "version": "1.0.2",
            "license": "SEE LICENSE IN LICENSE.md",
            "bin": {
                "kalaris-myriad": "bin/kalaris-myriad.js",
                "myriad": "bin/kalaris-myriad.js"
            },
            "engines": {
                "node": ">=18"
            }
        }
    }
}
