{
  "name": "kalaris-myriad",
  "version": "1.0.1",
  "lockfileVersion": 3,
  "requires": true,
  "packages": {
    "": {
      "name": "kalaris-myriad",
      "version": "1.0.1",
      "license": "UNLICENSED",
      "bin": {
        "kalaris-myriad": "bin/kalaris-myriad.js",
        "myriad": "bin/kalaris-myriad.js"
      },
      "engines": {
        "node": ">=18"
      }
    }
  }
}
